
Microsoft Visual Studio Solution File, Format Version 12.00
# Visual Studio Version 16
VisualStudioVersion = 16.0.29806.167
MinimumVisualStudioVersion = 10.0.40219.1
Project("{8BC9CEB8-8B4A-11D0-8D11-00A0C91BC942}") = "NightFalls", "NightFalls.vcxproj", "{A96BA3EB-82AA-456D-82E7-644BA3CDABE1}"
EndProject
Global
	GlobalSection(SolutionConfigurationPlatforms) = preSolution
		Debug|x64 = Debug|x64
		Debug|x86 = Debug|x86
		Release|x64 = Release|x64
		Release|x86 = Release|x86
	EndGlobalSection
	GlobalSection(ProjectConfigurationPlatforms) = postSolution
		{A96BA3EB-82AA-456D-82E7-644BA3CDABE1}.Debug|x64.ActiveCfg = Debug|x64
		{A96BA3EB-82AA-456D-82E7-644BA3CDABE1}.Debug|x64.Build.0 = Debug|x64
		{A96BA3EB-82AA-456D-82E7-644BA3CDABE1}.Debug|x86.ActiveCfg = Debug|Win32
		{A96BA3EB-82AA-456D-82E7-644BA3CDABE1}.Debug|x86.Build.0 = Debug|Win32
		{A96BA3EB-82AA-456D-82E7-644BA3CDABE1}.Release|x64.ActiveCfg = Debug|x64
		{A96BA3EB-82AA-456D-82E7-644BA3CDABE1}.Release|x64.Build.0 = Debug|x64
		{A96BA3EB-82AA-456D-82E7-644BA3CDABE1}.Release|x86.ActiveCfg = Release|Win32
		{A96BA3EB-82AA-456D-82E7-644BA3CDABE1}.Release|x86.Build.0 = Release|Win32
	EndGlobalSection
	GlobalSection(SolutionProperties) = preSolution
		HideSolutionNode = FALSE
	EndGlobalSection
	GlobalSection(ExtensibilityGlobals) = postSolution
		SolutionGuid = {97B2E833-F8AC-44F8-8010-FB11088300C2}
	EndGlobalSection
EndGlobal
